
Microsoft Visual Studio Solution File, Format Version 12.00
# Visual Studio 15
VisualStudioVersion = 15.0.27130.2036
MinimumVisualStudioVersion = 10.0.40219.1
Project("{888888A0-9F3D-457C-B088-3A5042F75D52}") = "FourierMath", "FourierMath\FourierMath.pyproj", "{C5D2022C-177C-4085-8BBA-F75317CDDC0C}"
EndProject
Global
	GlobalSection(SolutionConfigurationPlatforms) = preSolution
		Debug|Any CPU = Debug|Any CPU
		Release|Any CPU = Release|Any CPU
	EndGlobalSection
	GlobalSection(ProjectConfigurationPlatforms) = postSolution
		{C5D2022C-177C-4085-8BBA-F75317CDDC0C}.Debug|Any CPU.ActiveCfg = Debug|Any CPU
		{C5D2022C-177C-4085-8BBA-F75317CDDC0C}.Release|Any CPU.ActiveCfg = Release|Any CPU
	EndGlobalSection
	GlobalSection(SolutionProperties) = preSolution
		HideSolutionNode = FALSE
	EndGlobalSection
	GlobalSection(ExtensibilityGlobals) = postSolution
		SolutionGuid = {8D6FE59C-3B93-47B7-9211-AB5579A365C5}
	EndGlobalSection
EndGlobal
